
Microsoft Visual Studio Solution File, Format Version 12.00
# Visual Studio Version 17
VisualStudioVersion = 17.13.35825.156 d17.13
MinimumVisualStudioVersion = 10.0.40219.1
Project("{FAE04EC0-301F-11D3-BF4B-00C04F79EFBC}") = "ProductService", "ProductService\ProductService.csproj", "{2BB3A721-0F25-413B-A069-A37B67BD971B}"
EndProject
Global
	GlobalSection(SolutionConfigurationPlatforms) = preSolution
		Debug|Any CPU = Debug|Any CPU
		Release|Any CPU = Release|Any CPU
	EndGlobalSection
	GlobalSection(ProjectConfigurationPlatforms) = postSolution
		{2BB3A721-0F25-413B-A069-A37B67BD971B}.Debug|Any CPU.ActiveCfg = Debug|Any CPU
		{2BB3A721-0F25-413B-A069-A37B67BD971B}.Debug|Any CPU.Build.0 = Debug|Any CPU
		{2BB3A721-0F25-413B-A069-A37B67BD971B}.Release|Any CPU.ActiveCfg = Release|Any CPU
		{2BB3A721-0F25-413B-A069-A37B67BD971B}.Release|Any CPU.Build.0 = Release|Any CPU
	EndGlobalSection
	GlobalSection(SolutionProperties) = preSolution
		HideSolutionNode = FALSE
	EndGlobalSection
	GlobalSection(ExtensibilityGlobals) = postSolution
		SolutionGuid = {34496675-F50E-45F9-B0CC-590387F27B42}
	EndGlobalSection
EndGlobal
